{
  "requires": true,
  "lockfileVersion": 1,
  "dependencies": {
    "@nestjs/cqrs": {
      "version": "6.1.0",
      "resolved": "https://registry.npmjs.org/@nestjs/cqrs/-/cqrs-6.1.0.tgz",
      "integrity": "sha512-J1csaa2LdodZtwXOoYNcnqvFzk+G3RAR+G0N8k1/dlP7GvDJT3OakS2YXPiOSl7fEMOD40eS4+9sQMs8xqiegw=="
    }
  }
}
